
Microsoft Visual Studio Solution File, Format Version 12.00
# Visual Studio Version 17
VisualStudioVersion = 17.14.37216.2 d17.14
MinimumVisualStudioVersion = 10.0.40219.1
Project("{FAE04EC0-301F-11D3-BF4B-00C04F79EFBC}") = "UtilityManagement", "UtilityManagement.csproj", "{D9320EDD-FFB7-45BC-A0DD-03CD399CB5CC}"
EndProject
Global
	GlobalSection(SolutionConfigurationPlatforms) = preSolution
		Debug|Any CPU = Debug|Any CPU
		Release|Any CPU = Release|Any CPU
	EndGlobalSection
	GlobalSection(ProjectConfigurationPlatforms) = postSolution
		{D9320EDD-FFB7-45BC-A0DD-03CD399CB5CC}.Debug|Any CPU.ActiveCfg = Debug|Any CPU
		{D9320EDD-FFB7-45BC-A0DD-03CD399CB5CC}.Debug|Any CPU.Build.0 = Debug|Any CPU
		{D9320EDD-FFB7-45BC-A0DD-03CD399CB5CC}.Release|Any CPU.ActiveCfg = Release|Any CPU
		{D9320EDD-FFB7-45BC-A0DD-03CD399CB5CC}.Release|Any CPU.Build.0 = Release|Any CPU
	EndGlobalSection
	GlobalSection(SolutionProperties) = preSolution
		HideSolutionNode = FALSE
	EndGlobalSection
	GlobalSection(ExtensibilityGlobals) = postSolution
		SolutionGuid = {7EB07C56-F52E-4B9A-866B-BF8CB9E4FEEA}
	EndGlobalSection
EndGlobal
